{
  "name": "worka",
  "version": "6.0.2",
  "lockfileVersion": 1,
  "requires": true,
  "dependencies": {
    "@types/estree": {
      "version": "0.0.39",
      "resolved": "https://registry.npmjs.org/@types/estree/-/estree-0.0.39.tgz",
      "integrity": "sha512-EYNwp3bU+98cpU4lAWYYL7Zz+2gryWH1qbdDTidVd6hkiR6weksdbMadyXKXNPEkQFhXM+hVO9ZygomHXp+AIw==",
      "dev": true
    },
    "@types/node": {
      "version": "10.12.19",
      "resolved": "https://registry.npmjs.org/@types/node/-/node-10.12.19.tgz",
      "integrity": "sha512-2NVovndCjJQj6fUUn9jCgpP4WSqr+u1SoUZMZyJkhGeBFsm6dE46l31S7lPUYt9uQ28XI+ibrJA1f5XyH5HNtA==",
      "dev": true
    },
    "acorn": {
      "version": "6.0.6",
      "resolved": "https://registry.npmjs.org/acorn/-/acorn-6.0.6.tgz",
      "integrity": "sha512-5M3G/A4uBSMIlfJ+h9W125vJvPFH/zirISsW5qfxF5YzEvXJCtolLoQvM5yZft0DvMcUrPGKPOlgEu55I6iUtA==",
      "dev": true
    },
    "rollup": {
      "version": "1.1.2",
      "resolved": "https://registry.npmjs.org/rollup/-/rollup-1.1.2.tgz",
      "integrity": "sha512-OkdMxqMl8pWoQc5D8y1cIinYQPPLV8ZkfLgCzL6SytXeNA2P7UHynEQXI9tYxuAjAMsSyvRaWnyJDLHMxq0XAg==",
      "dev": true,
      "requires": {
        "@types/estree": "0.0.39",
        "@types/node": "*",
        "acorn": "^6.0.5"
      }
    },
    "utilsac": {
      "version": "9.7.2",
      "resolved": "https://ip-109-71-162-126.dditscdn.com/nexus/repository/npm-all/utilsac/-/utilsac-9.7.2.tgz",
      "integrity": "sha512-F3zu8G3unYta3V06LuJ7FDItPD2f6qHx3DBwTkwidsoKyaVFPzIptlaK1vzmAjkwff8zTaOg02VsSoEqlTG6qQ==",
      "dev": true
    }
  }
}
