{
  "name": "worka",
  "version": "5.0.0",
  "lockfileVersion": 1,
  "requires": true,
  "dependencies": {
    "@types/estree": {
      "version": "0.0.39",
      "resolved": "https://registry.npmjs.org/@types/estree/-/estree-0.0.39.tgz",
      "integrity": "sha512-EYNwp3bU+98cpU4lAWYYL7Zz+2gryWH1qbdDTidVd6hkiR6weksdbMadyXKXNPEkQFhXM+hVO9ZygomHXp+AIw==",
      "dev": true
    },
    "@types/node": {
      "version": "10.12.9",
      "resolved": "https://registry.npmjs.org/@types/node/-/node-10.12.9.tgz",
      "integrity": "sha512-eajkMXG812/w3w4a1OcBlaTwsFPO5F7fJ/amy+tieQxEMWBlbV1JGSjkFM+zkHNf81Cad+dfIRA+IBkvmvdAeA==",
      "dev": true
    },
    "rollup": {
      "version": "0.67.3",
      "resolved": "https://registry.npmjs.org/rollup/-/rollup-0.67.3.tgz",
      "integrity": "sha512-TyNQCz97rKuVVbsKUTXfwIjV7UljWyTVd7cTMuE+aqlQ7WJslkYF5QaYGjMLR2BlQtUOO5CAxSVnpQ55iYp5jg==",
      "dev": true,
      "requires": {
        "@types/estree": "0.0.39",
        "@types/node": "*"
      }
    }
  }
}
